
Microsoft Visual Studio Solution File, Format Version 12.00
# Visual Studio Version 16
VisualStudioVersion = 16.0.30204.135
MinimumVisualStudioVersion = 10.0.40219.1
Project("{FAE04EC0-301F-11D3-BF4B-00C04F79EFBC}") = "OpenFileDialogDemo", "OpenFileDialogDemo.csproj", "{0C166916-9DFA-45A6-B255-1EBBB4A7E1E0}"
EndProject
Global
	GlobalSection(SolutionConfigurationPlatforms) = preSolution
		Debug|Any CPU = Debug|Any CPU
		Release|Any CPU = Release|Any CPU
	EndGlobalSection
	GlobalSection(ProjectConfigurationPlatforms) = postSolution
		{0C166916-9DFA-45A6-B255-1EBBB4A7E1E0}.Debug|Any CPU.ActiveCfg = Debug|Any CPU
		{0C166916-9DFA-45A6-B255-1EBBB4A7E1E0}.Debug|Any CPU.Build.0 = Debug|Any CPU
		{0C166916-9DFA-45A6-B255-1EBBB4A7E1E0}.Release|Any CPU.ActiveCfg = Release|Any CPU
		{0C166916-9DFA-45A6-B255-1EBBB4A7E1E0}.Release|Any CPU.Build.0 = Release|Any CPU
	EndGlobalSection
	GlobalSection(SolutionProperties) = preSolution
		HideSolutionNode = FALSE
	EndGlobalSection
	GlobalSection(ExtensibilityGlobals) = postSolution
		SolutionGuid = {12D424E4-8D85-49AA-973A-71D382C00C08}
	EndGlobalSection
EndGlobal
